// !$*UTF8*$!
{
	archiveVersion = 1;
	classes = {
	};
	objectVersion = 56;
	objects = {

/* Begin PBXBuildFile section */
		335E85282A8555C60030A7E5 /* Main.swift in Sources */ = {isa = PBXBuildFile; fileRef = 335E85272A8555C60030A7E5 /* Main.swift */; };
		335E852A2A8555C60030A7E5 /* AppReducer.swift in Sources */ = {isa = PBXBuildFile; fileRef = 335E85292A8555C60030A7E5 /* AppReducer.swift */; };
		335E852C2A8555C70030A7E5 /* Assets.xcassets in Resources */ = {isa = PBXBuildFile; fileRef = 335E852B2A8555C70030A7E5 /* Assets.xcassets */; };
		335E852F2A8555C70030A7E5 /* Preview Assets.xcassets in Resources */ = {isa = PBXBuildFile; fileRef = 335E852E2A8555C70030A7E5 /* Preview Assets.xcassets */; };
		335E85372A8556240030A7E5 /* ComposableArchitecture in Frameworks */ = {isa = PBXBuildFile; productRef = 335E85362A8556240030A7E5 /* ComposableArchitecture */; };
		335E853C2A856CC00030A7E5 /* ScreenA.swift in Sources */ = {isa = PBXBuildFile; fileRef = 335E853B2A856CC00030A7E5 /* ScreenA.swift */; };
		335E853E2A856CE60030A7E5 /* ScreenB.swift in Sources */ = {isa = PBXBuildFile; fileRef = 335E853D2A856CE60030A7E5 /* ScreenB.swift */; };
		335E85402A856CEC0030A7E5 /* ScreenADetails.swift in Sources */ = {isa = PBXBuildFile; fileRef = 335E853F2A856CEC0030A7E5 /* ScreenADetails.swift */; };
		335E85422A856D0C0030A7E5 /* Models.swift in Sources */ = {isa = PBXBuildFile; fileRef = 335E85412A856D0C0030A7E5 /* Models.swift */; };
		335E85442A856D6B0030A7E5 /* ScreenC.swift in Sources */ = {isa = PBXBuildFile; fileRef = 335E85432A856D6B0030A7E5 /* ScreenC.swift */; };
		335E85462A856E0B0030A7E5 /* ScreenBDetails.swift in Sources */ = {isa = PBXBuildFile; fileRef = 335E85452A856E0B0030A7E5 /* ScreenBDetails.swift */; };
		335E85482A8579000030A7E5 /* ScreenCDetails.swift in Sources */ = {isa = PBXBuildFile; fileRef = 335E85472A8579000030A7E5 /* ScreenCDetails.swift */; };
/* End PBXBuildFile section */

/* Begin PBXFileReference section */
		335E85242A8555C60030A7E5 /* TCA-NavigationSplitView.app */ = {isa = PBXFileReference; explicitFileType = wrapper.application; includeInIndex = 0; path = "TCA-NavigationSplitView.app"; sourceTree = BUILT_PRODUCTS_DIR; };
		335E85272A8555C60030A7E5 /* Main.swift */ = {isa = PBXFileReference; lastKnownFileType = sourcecode.swift; path = Main.swift; sourceTree = "<group>"; };
		335E85292A8555C60030A7E5 /* AppReducer.swift */ = {isa = PBXFileReference; lastKnownFileType = sourcecode.swift; path = AppReducer.swift; sourceTree = "<group>"; };
		335E852B2A8555C70030A7E5 /* Assets.xcassets */ = {isa = PBXFileReference; lastKnownFileType = folder.assetcatalog; path = Assets.xcassets; sourceTree = "<group>"; };
		335E852E2A8555C70030A7E5 /* Preview Assets.xcassets */ = {isa = PBXFileReference; lastKnownFileType = folder.assetcatalog; path = "Preview Assets.xcassets"; sourceTree = "<group>"; };
		335E853B2A856CC00030A7E5 /* ScreenA.swift */ = {isa = PBXFileReference; lastKnownFileType = sourcecode.swift; path = ScreenA.swift; sourceTree = "<group>"; };
		335E853D2A856CE60030A7E5 /* ScreenB.swift */ = {isa = PBXFileReference; lastKnownFileType = sourcecode.swift; path = ScreenB.swift; sourceTree = "<group>"; };
		335E853F2A856CEC0030A7E5 /* ScreenADetails.swift */ = {isa = PBXFileReference; lastKnownFileType = sourcecode.swift; path = ScreenADetails.swift; sourceTree = "<group>"; };
		335E85412A856D0C0030A7E5 /* Models.swift */ = {isa = PBXFileReference; lastKnownFileType = sourcecode.swift; path = Models.swift; sourceTree = "<group>"; };
		335E85432A856D6B0030A7E5 /* ScreenC.swift */ = {isa = PBXFileReference; lastKnownFileType = sourcecode.swift; path = ScreenC.swift; sourceTree = "<group>"; };
		335E85452A856E0B0030A7E5 /* ScreenBDetails.swift */ = {isa = PBXFileReference; lastKnownFileType = sourcecode.swift; path = ScreenBDetails.swift; sourceTree = "<group>"; };
		335E85472A8579000030A7E5 /* ScreenCDetails.swift */ = {isa = PBXFileReference; lastKnownFileType = sourcecode.swift; path = ScreenCDetails.swift; sourceTree = "<group>"; };
/* End PBXFileReference section */

/* Begin PBXFrameworksBuildPhase section */
		335E85212A8555C60030A7E5 /* Frameworks */ = {
			isa = PBXFrameworksBuildPhase;
			buildActionMask = 2147483647;
			files = (
				335E85372A8556240030A7E5 /* ComposableArchitecture in Frameworks */,
			);
			runOnlyForDeploymentPostprocessing = 0;
		};
/* End PBXFrameworksBuildPhase section */

/* Begin PBXGroup section */
		335E851B2A8555C60030A7E5 = {
			isa = PBXGroup;
			children = (
				335E85262A8555C60030A7E5 /* TCA-NavigationSplitView */,
				335E85252A8555C60030A7E5 /* Products */,
			);
			sourceTree = "<group>";
		};
		335E85252A8555C60030A7E5 /* Products */ = {
			isa = PBXGroup;
			children = (
				335E85242A8555C60030A7E5 /* TCA-NavigationSplitView.app */,
			);
			name = Products;
			sourceTree = "<group>";
		};
		335E85262A8555C60030A7E5 /* TCA-NavigationSplitView */ = {
			isa = PBXGroup;
			children = (
				335E85292A8555C60030A7E5 /* AppReducer.swift */,
				335E85272A8555C60030A7E5 /* Main.swift */,
				335E85412A856D0C0030A7E5 /* Models.swift */,
				335E853B2A856CC00030A7E5 /* ScreenA.swift */,
				335E853F2A856CEC0030A7E5 /* ScreenADetails.swift */,
				335E853D2A856CE60030A7E5 /* ScreenB.swift */,
				335E85452A856E0B0030A7E5 /* ScreenBDetails.swift */,
				335E85432A856D6B0030A7E5 /* ScreenC.swift */,
				335E85472A8579000030A7E5 /* ScreenCDetails.swift */,
				335E852B2A8555C70030A7E5 /* Assets.xcassets */,
				335E852D2A8555C70030A7E5 /* Preview Content */,
			);
			path = "TCA-NavigationSplitView";
			sourceTree = "<group>";
		};
		335E852D2A8555C70030A7E5 /* Preview Content */ = {
			isa = PBXGroup;
			children = (
				335E852E2A8555C70030A7E5 /* Preview Assets.xcassets */,
			);
			path = "Preview Content";
			sourceTree = "<group>";
		};
/* End PBXGroup section */

/* Begin PBXNativeTarget section */
		335E85232A8555C60030A7E5 /* TCA-NavigationSplitView */ = {
			isa = PBXNativeTarget;
			buildConfigurationList = 335E85322A8555C70030A7E5 /* Build configuration list for PBXNativeTarget "TCA-NavigationSplitView" */;
			buildPhases = (
				335E85202A8555C60030A7E5 /* Sources */,
				335E85212A8555C60030A7E5 /* Frameworks */,
				335E85222A8555C60030A7E5 /* Resources */,
			);
			buildRules = (
			);
			dependencies = (
			);
			name = "TCA-NavigationSplitView";
			packageProductDependencies = (
				335E85362A8556240030A7E5 /* ComposableArchitecture */,
			);
			productName = "TCA-NavigationSplitView";
			productReference = 335E85242A8555C60030A7E5 /* TCA-NavigationSplitView.app */;
			productType = "com.apple.product-type.application";
		};
/* End PBXNativeTarget section */

/* Begin PBXProject section */
		335E851C2A8555C60030A7E5 /* Project object */ = {
			isa = PBXProject;
			attributes = {
				BuildIndependentTargetsInParallel = 1;
				LastSwiftUpdateCheck = 1430;
				LastUpgradeCheck = 1430;
				TargetAttributes = {
					335E85232A8555C60030A7E5 = {
						CreatedOnToolsVersion = 14.3.1;
					};
				};
			};
			buildConfigurationList = 335E851F2A8555C60030A7E5 /* Build configuration list for PBXProject "TCA-NavigationSplitView" */;
			compatibilityVersion = "Xcode 14.0";
			developmentRegion = en;
			hasScannedForEncodings = 0;
			knownRegions = (
				en,
				Base,
			);
			mainGroup = 335E851B2A8555C60030A7E5;
			packageReferences = (
				335E85352A8556240030A7E5 /* XCRemoteSwiftPackageReference "swift-composable-architecture" */,
			);
			productRefGroup = 335E85252A8555C60030A7E5 /* Products */;
			projectDirPath = "";
			projectRoot = "";
			targets = (
				335E85232A8555C60030A7E5 /* TCA-NavigationSplitView */,
			);
		};
/* End PBXProject section */

/* Begin PBXResourcesBuildPhase section */
		335E85222A8555C60030A7E5 /* Resources */ = {
			isa = PBXResourcesBuildPhase;
			buildActionMask = 2147483647;
			files = (
				335E852F2A8555C70030A7E5 /* Preview Assets.xcassets in Resources */,
				335E852C2A8555C70030A7E5 /* Assets.xcassets in Resources */,
			);
			runOnlyForDeploymentPostprocessing = 0;
		};
/* End PBXResourcesBuildPhase section */

/* Begin PBXSourcesBuildPhase section */
		335E85202A8555C60030A7E5 /* Sources */ = {
			isa = PBXSourcesBuildPhase;
			buildActionMask = 2147483647;
			files = (
				335E853C2A856CC00030A7E5 /* ScreenA.swift in Sources */,
				335E85442A856D6B0030A7E5 /* ScreenC.swift in Sources */,
				335E852A2A8555C60030A7E5 /* AppReducer.swift in Sources */,
				335E85482A8579000030A7E5 /* ScreenCDetails.swift in Sources */,
				335E85402A856CEC0030A7E5 /* ScreenADetails.swift in Sources */,
				335E85422A856D0C0030A7E5 /* Models.swift in Sources */,
				335E853E2A856CE60030A7E5 /* ScreenB.swift in Sources */,
				335E85282A8555C60030A7E5 /* Main.swift in Sources */,
				335E85462A856E0B0030A7E5 /* ScreenBDetails.swift in Sources */,
			);
			runOnlyForDeploymentPostprocessing = 0;
		};
/* End PBXSourcesBuildPhase section */

/* Begin XCBuildConfiguration section */
		335E85302A8555C70030A7E5 /* Debug */ = {
			isa = XCBuildConfiguration;
			buildSettings = {
				ALWAYS_SEARCH_USER_PATHS = NO;
				CLANG_ANALYZER_NONNULL = YES;
				CLANG_ANALYZER_NUMBER_OBJECT_CONVERSION = YES_AGGRESSIVE;
				CLANG_CXX_LANGUAGE_STANDARD = "gnu++20";
				CLANG_ENABLE_MODULES = YES;
				CLANG_ENABLE_OBJC_ARC = YES;
				CLANG_ENABLE_OBJC_WEAK = YES;
				CLANG_WARN_BLOCK_CAPTURE_AUTORELEASING = YES;
				CLANG_WARN_BOOL_CONVERSION = YES;
				CLANG_WARN_COMMA = YES;
				CLANG_WARN_CONSTANT_CONVERSION = YES;
				CLANG_WARN_DEPRECATED_OBJC_IMPLEMENTATIONS = YES;
				CLANG_WARN_DIRECT_OBJC_ISA_USAGE = YES_ERROR;
				CLANG_WARN_DOCUMENTATION_COMMENTS = YES;
				CLANG_WARN_EMPTY_BODY = YES;
				CLANG_WARN_ENUM_CONVERSION = YES;
				CLANG_WARN_INFINITE_RECURSION = YES;
				CLANG_WARN_INT_CONVERSION = YES;
				CLANG_WARN_NON_LITERAL_NULL_CONVERSION = YES;
				CLANG_WARN_OBJC_IMPLICIT_RETAIN_SELF = YES;
				CLANG_WARN_OBJC_LITERAL_CONVERSION = YES;
				CLANG_WARN_OBJC_ROOT_CLASS = YES_ERROR;
				CLANG_WARN_QUOTED_INCLUDE_IN_FRAMEWORK_HEADER = YES;
				CLANG_WARN_RANGE_LOOP_ANALYSIS = YES;
				CLANG_WARN_STRICT_PROTOTYPES = YES;
				CLANG_WARN_SUSPICIOUS_MOVE = YES;
				CLANG_WARN_UNGUARDED_AVAILABILITY = YES_AGGRESSIVE;
				CLANG_WARN_UNREACHABLE_CODE = YES;
				CLANG_WARN__DUPLICATE_METHOD_MATCH = YES;
				COPY_PHASE_STRIP = NO;
				DEBUG_INFORMATION_FORMAT = dwarf;
				ENABLE_STRICT_OBJC_MSGSEND = YES;
				ENABLE_TESTABILITY = YES;
				GCC_C_LANGUAGE_STANDARD = gnu11;
				GCC_DYNAMIC_NO_PIC = NO;
				GCC_NO_COMMON_BLOCKS = YES;
				GCC_OPTIMIZATION_LEVEL = 0;
				GCC_PREPROCESSOR_DEFINITIONS = (
					"DEBUG=1",
					"$(inherited)",
				);
				GCC_WARN_64_TO_32_BIT_CONVERSION = YES;
				GCC_WARN_ABOUT_RETURN_TYPE = YES_ERROR;
				GCC_WARN_UNDECLARED_SELECTOR = YES;
				GCC_WARN_UNINITIALIZED_AUTOS = YES_AGGRESSIVE;
				GCC_WARN_UNUSED_FUNCTION = YES;
				GCC_WARN_UNUSED_VARIABLE = YES;
				IPHONEOS_DEPLOYMENT_TARGET = 16.4;
				MTL_ENABLE_DEBUG_INFO = INCLUDE_SOURCE;
				MTL_FAST_MATH = YES;
				ONLY_ACTIVE_ARCH = YES;
				SDKROOT = iphoneos;
				SWIFT_ACTIVE_COMPILATION_CONDITIONS = DEBUG;
				SWIFT_OPTIMIZATION_LEVEL = "-Onone";
			};
			name = Debug;
		};
		335E85312A8555C70030A7E5 /* Release */ = {
			isa = XCBuildConfiguration;
			buildSettings = {
				ALWAYS_SEARCH_USER_PATHS = NO;
				CLANG_ANALYZER_NONNULL = YES;
				CLANG_ANALYZER_NUMBER_OBJECT_CONVERSION = YES_AGGRESSIVE;
				CLANG_CXX_LANGUAGE_STANDARD = "gnu++20";
				CLANG_ENABLE_MODULES = YES;
				CLANG_ENABLE_OBJC_ARC = YES;
				CLANG_ENABLE_OBJC_WEAK = YES;
				CLANG_WARN_BLOCK_CAPTURE_AUTORELEASING = YES;
				CLANG_WARN_BOOL_CONVERSION = YES;
				CLANG_WARN_COMMA = YES;
				CLANG_WARN_CONSTANT_CONVERSION = YES;
				CLANG_WARN_DEPRECATED_OBJC_IMPLEMENTATIONS = YES;
				CLANG_WARN_DIRECT_OBJC_ISA_USAGE = YES_ERROR;
				CLANG_WARN_DOCUMENTATION_COMMENTS = YES;
				CLANG_WARN_EMPTY_BODY = YES;
				CLANG_WARN_ENUM_CONVERSION = YES;
				CLANG_WARN_INFINITE_RECURSION = YES;
				CLANG_WARN_INT_CONVERSION = YES;
				CLANG_WARN_NON_LITERAL_NULL_CONVERSION = YES;
				CLANG_WARN_OBJC_IMPLICIT_RETAIN_SELF = YES;
				CLANG_WARN_OBJC_LITERAL_CONVERSION = YES;
				CLANG_WARN_OBJC_ROOT_CLASS = YES_ERROR;
				CLANG_WARN_QUOTED_INCLUDE_IN_FRAMEWORK_HEADER = YES;
				CLANG_WARN_RANGE_LOOP_ANALYSIS = YES;
				CLANG_WARN_STRICT_PROTOTYPES = YES;
				CLANG_WARN_SUSPICIOUS_MOVE = YES;
				CLANG_WARN_UNGUARDED_AVAILABILITY = YES_AGGRESSIVE;
				CLANG_WARN_UNREACHABLE_CODE = YES;
				CLANG_WARN__DUPLICATE_METHOD_MATCH = YES;
				COPY_PHASE_STRIP = NO;
				DEBUG_INFORMATION_FORMAT = "dwarf-with-dsym";
				ENABLE_NS_ASSERTIONS = NO;
				ENABLE_STRICT_OBJC_MSGSEND = YES;
				GCC_C_LANGUAGE_STANDARD = gnu11;
				GCC_NO_COMMON_BLOCKS = YES;
				GCC_WARN_64_TO_32_BIT_CONVERSION = YES;
				GCC_WARN_ABOUT_RETURN_TYPE = YES_ERROR;
				GCC_WARN_UNDECLARED_SELECTOR = YES;
				GCC_WARN_UNINITIALIZED_AUTOS = YES_AGGRESSIVE;
				GCC_WARN_UNUSED_FUNCTION = YES;
				GCC_WARN_UNUSED_VARIABLE = YES;
				IPHONEOS_DEPLOYMENT_TARGET = 16.4;
				MTL_ENABLE_DEBUG_INFO = NO;
				MTL_FAST_MATH = YES;
				SDKROOT = iphoneos;
				SWIFT_COMPILATION_MODE = wholemodule;
				SWIFT_OPTIMIZATION_LEVEL = "-O";
				VALIDATE_PRODUCT = YES;
			};
			name = Release;
		};
		335E85332A8555C70030A7E5 /* Debug */ = {
			isa = XCBuildConfiguration;
			buildSettings = {
				ASSETCATALOG_COMPILER_APPICON_NAME = AppIcon;
				ASSETCATALOG_COMPILER_GLOBAL_ACCENT_COLOR_NAME = AccentColor;
				CODE_SIGN_STYLE = Automatic;
				CURRENT_PROJECT_VERSION = 1;
				DEVELOPMENT_ASSET_PATHS = "\"TCA-NavigationSplitView/Preview Content\"";
				DEVELOPMENT_TEAM = ME637H7ZM9;
				ENABLE_PREVIEWS = YES;
				GENERATE_INFOPLIST_FILE = YES;
				INFOPLIST_KEY_UIApplicationSceneManifest_Generation = YES;
				INFOPLIST_KEY_UIApplicationSupportsIndirectInputEvents = YES;
				INFOPLIST_KEY_UILaunchScreen_Generation = YES;
				INFOPLIST_KEY_UISupportedInterfaceOrientations_iPad = "UIInterfaceOrientationPortrait UIInterfaceOrientationPortraitUpsideDown UIInterfaceOrientationLandscapeLeft UIInterfaceOrientationLandscapeRight";
				INFOPLIST_KEY_UISupportedInterfaceOrientations_iPhone = "UIInterfaceOrientationPortrait UIInterfaceOrientationLandscapeLeft UIInterfaceOrientationLandscapeRight";
				LD_RUNPATH_SEARCH_PATHS = (
					"$(inherited)",
					"@executable_path/Frameworks",
				);
				MARKETING_VERSION = 1.0;
				PRODUCT_BUNDLE_IDENTIFIER = "com.deda.TCA-NavigationSplitView";
				PRODUCT_NAME = "$(TARGET_NAME)";
				SWIFT_EMIT_LOC_STRINGS = YES;
				SWIFT_VERSION = 5.0;
				TARGETED_DEVICE_FAMILY = "1,2";
			};
			name = Debug;
		};
		335E85342A8555C70030A7E5 /* Release */ = {
			isa = XCBuildConfiguration;
			buildSettings = {
				ASSETCATALOG_COMPILER_APPICON_NAME = AppIcon;
				ASSETCATALOG_COMPILER_GLOBAL_ACCENT_COLOR_NAME = AccentColor;
				CODE_SIGN_STYLE = Automatic;
				CURRENT_PROJECT_VERSION = 1;
				DEVELOPMENT_ASSET_PATHS = "\"TCA-NavigationSplitView/Preview Content\"";
				DEVELOPMENT_TEAM = ME637H7ZM9;
				ENABLE_PREVIEWS = YES;
				GENERATE_INFOPLIST_FILE = YES;
				INFOPLIST_KEY_UIApplicationSceneManifest_Generation = YES;
				INFOPLIST_KEY_UIApplicationSupportsIndirectInputEvents = YES;
				INFOPLIST_KEY_UILaunchScreen_Generation = YES;
				INFOPLIST_KEY_UISupportedInterfaceOrientations_iPad = "UIInterfaceOrientationPortrait UIInterfaceOrientationPortraitUpsideDown UIInterfaceOrientationLandscapeLeft UIInterfaceOrientationLandscapeRight";
				INFOPLIST_KEY_UISupportedInterfaceOrientations_iPhone = "UIInterfaceOrientationPortrait UIInterfaceOrientationLandscapeLeft UIInterfaceOrientationLandscapeRight";
				LD_RUNPATH_SEARCH_PATHS = (
					"$(inherited)",
					"@executable_path/Frameworks",
				);
				MARKETING_VERSION = 1.0;
				PRODUCT_BUNDLE_IDENTIFIER = "com.deda.TCA-NavigationSplitView";
				PRODUCT_NAME = "$(TARGET_NAME)";
				SWIFT_EMIT_LOC_STRINGS = YES;
				SWIFT_VERSION = 5.0;
				TARGETED_DEVICE_FAMILY = "1,2";
			};
			name = Release;
		};
/* End XCBuildConfiguration section */

/* Begin XCConfigurationList section */
		335E851F2A8555C60030A7E5 /* Build configuration list for PBXProject "TCA-NavigationSplitView" */ = {
			isa = XCConfigurationList;
			buildConfigurations = (
				335E85302A8555C70030A7E5 /* Debug */,
				335E85312A8555C70030A7E5 /* Release */,
			);
			defaultConfigurationIsVisible = 0;
			defaultConfigurationName = Release;
		};
		335E85322A8555C70030A7E5 /* Build configuration list for PBXNativeTarget "TCA-NavigationSplitView" */ = {
			isa = XCConfigurationList;
			buildConfigurations = (
				335E85332A8555C70030A7E5 /* Debug */,
				335E85342A8555C70030A7E5 /* Release */,
			);
			defaultConfigurationIsVisible = 0;
			defaultConfigurationName = Release;
		};
/* End XCConfigurationList section */

/* Begin XCRemoteSwiftPackageReference section */
		335E85352A8556240030A7E5 /* XCRemoteSwiftPackageReference "swift-composable-architecture" */ = {
			isa = XCRemoteSwiftPackageReference;
			repositoryURL = "https://github.com/pointfreeco/swift-composable-architecture";
			requirement = {
				kind = upToNextMajorVersion;
				minimumVersion = 1.0.0;
			};
		};
/* End XCRemoteSwiftPackageReference section */

/* Begin XCSwiftPackageProductDependency section */
		335E85362A8556240030A7E5 /* ComposableArchitecture */ = {
			isa = XCSwiftPackageProductDependency;
			package = 335E85352A8556240030A7E5 /* XCRemoteSwiftPackageReference "swift-composable-architecture" */;
			productName = ComposableArchitecture;
		};
/* End XCSwiftPackageProductDependency section */
	};
	rootObject = 335E851C2A8555C60030A7E5 /* Project object */;
}
